{
    "_readme": [
        "This file locks the dependencies of your project to a known state",
        "Read more about it at https://getcomposer.org/doc/01-basic-usage.md#composer-lock-the-lock-file",
        "This file is @generated automatically"
    ],
    "content-hash": "b0178a1a8a8482e84e0fd74232293c8f",
    "packages": [
        {
            "name": "athlon1600/youtube-downloader",
            "version": "v1.0.1",
            "source": {
                "type": "git",
                "url": "https://github.com/Athlon1600/youtube-downloader.git",
                "reference": "50fc4f3ac7e2daf002b9ce21aee95252f87b3ae9"
            },
            "dist": {
                "type": "zip",
                "url": "https://api.github.com/repos/Athlon1600/youtube-downloader/zipball/50fc4f3ac7e2daf002b9ce21aee95252f87b3ae9",
                "reference": "50fc4f3ac7e2daf002b9ce21aee95252f87b3ae9",
                "shasum": ""
            },
            "require": {
                "ext-curl": "*"
            },
            "type": "library",
            "autoload": {
                "files": [
                    "src/YouTubeDownloader.php"
                ]
            },
            "notification-url": "https://packagist.org/downloads/",
            "license": [
                "MIT"
            ],
            "description": "PHP powered alternative for youtube-dl",
            "keywords": [
                "download youtube",
                "download youtube videos",
                "youtube downloader"
            ],
            "time": "2017-02-26T19:17:47+00:00"
        },
        {
            "name": "jeckman/YouTube-Downloader",
            "version": "dev-master",
            "source": {
                "type": "git",
                "url": "https://github.com/jeckman/YouTube-Downloader.git",
                "reference": "8fae6497c65fcf52f12a0e886e0f9d3938faf543"
            },
            "dist": {
                "type": "zip",
                "url": "https://api.github.com/repos/jeckman/YouTube-Downloader/zipball/8fae6497c65fcf52f12a0e886e0f9d3938faf543",
                "reference": "8fae6497c65fcf52f12a0e886e0f9d3938faf543",
                "shasum": ""
            },
            "require": {
                "ext-curl": "*",
                "php": "^5.6 || ^7.0"
            },
            "require-dev": {
                "guzzlehttp/psr7": "^1.4",
                "mikey179/vfsstream": "^1.6",
                "phpunit/phpunit": "^5.4.3 || ^6.0",
                "psr/container": "^1.0",
                "psr/http-message": "^1.0",
                "psr/log": "^1.0",
                "psr/simple-cache": "^1.0"
            },
            "type": "library",
            "autoload": {
                "psr-4": {
                    "YoutubeDownloader\\": "src/"
                }
            },
            "autoload-dev": {
                "psr-4": {
                    "YoutubeDownloader\\Tests\\": "tests/"
                }
            },
            "license": [
                "GPL-2.0-or-later"
            ],
            "authors": [
                {
                    "name": "John Eckman",
                    "email": "eckman.john@gmail.com",
                    "homepage": "http://www.openparenthesis.org/"
                }
            ],
            "description": "YouTube-Downloader",
            "homepage": "https://github.com/jeckman/YouTube-Downloader",
            "keywords": [
                "Downloader",
                "YouTube",
                "YouTube-Downloader"
            ],
            "support": {
                "source": "https://github.com/jeckman/YouTube-Downloader/tree/master",
                "issues": "https://github.com/jeckman/YouTube-Downloader/issues"
            },
            "time": "2018-11-16T16:53:21+00:00"
        },
        {
            "name": "shirtjs/php-proxy",
            "version": "dev-master",
            "source": {
                "type": "git",
                "url": "https://github.com/shirtjs/php-proxy",
                "reference": "b9c681e90316224c46de256761358f6b039ba8eb"
            },
            "require": {
                "ext-curl": "*"
            },
            "suggest": {
                "predis/predis": "For caching purposes"
            },
            "type": "library",
            "autoload": {
                "psr-4": {
                    "Proxy\\": "src/"
                },
                "files": [
                    "src/helpers.php"
                ]
            },
            "license": [
                "MIT"
            ],
            "homepage": "https://www.php-proxy.com/",
            "keywords": [
                "php proxy",
                "php proxy script",
                "php web proxy",
                "proxy script",
                "web proxy"
            ],
            "time": "2018-05-04T18:09:34+00:00"
        },
        {
            "name": "shirtjs/php-proxy-plugin-bundle",
            "version": "dev-master",
            "source": {
                "type": "git",
                "url": "https://github.com/shirtjs/php-proxy-plugin-bundle",
                "reference": "012fb4f462def250fb6b37e66472ad0943e465cf"
            },
            "require": {
                "athlon1600/youtube-downloader": "^1.0"
            },
            "type": "library",
            "autoload": {
                "psr-4": {
                    "Proxy\\Plugin\\": "src/"
                },
                "files": [
                    "src/utils.php"
                ]
            },
            "license": [
                "MIT"
            ],
            "description": "A collection of useful plugins to be used with php-proxy",
            "time": "2018-10-30T01:55:56+00:00"
        }
    ],
    "packages-dev": [],
    "aliases": [],
    "minimum-stability": "stable",
    "stability-flags": {
        "shirtjs/php-proxy": 20,
        "shirtjs/php-proxy-plugin-bundle": 20,
        "jeckman/youtube-downloader": 20
    },
    "prefer-stable": false,
    "prefer-lowest": false,
    "platform": {
        "ext-mbstring": "^7.2",
        "ext-gd": "^7.2",
        "ext-sqlite3": "^7.2",
        "ext-imagick": "*"
    },
    "platform-dev": []
}